
Microsoft Visual Studio Solution File, Format Version 12.00
# Visual Studio Version 17
VisualStudioVersion = 17.10.34916.146
MinimumVisualStudioVersion = 10.0.40219.1
Project("{9A19103F-16F7-4668-BE54-9A1E7A4F7556}") = "question1", "question1\question1.csproj", "{D83D35D0-6812-4E92-83C6-A82F22728E1E}"
EndProject
Project("{9A19103F-16F7-4668-BE54-9A1E7A4F7556}") = "question6", "question2\question6.csproj", "{D23FA0C5-A92D-42B6-85A5-716D9C0F8ECA}"
EndProject
Project("{FAE04EC0-301F-11D3-BF4B-00C04F79EFBC}") = "question7", "question7\question7.csproj", "{3AFB65A9-666F-4D96-9EC9-D47D51271939}"
EndProject
Global
	GlobalSection(SolutionConfigurationPlatforms) = preSolution
		Debug|Any CPU = Debug|Any CPU
		Release|Any CPU = Release|Any CPU
	EndGlobalSection
	GlobalSection(ProjectConfigurationPlatforms) = postSolution
		{D83D35D0-6812-4E92-83C6-A82F22728E1E}.Debug|Any CPU.ActiveCfg = Debug|Any CPU
		{D83D35D0-6812-4E92-83C6-A82F22728E1E}.Debug|Any CPU.Build.0 = Debug|Any CPU
		{D83D35D0-6812-4E92-83C6-A82F22728E1E}.Release|Any CPU.ActiveCfg = Release|Any CPU
		{D83D35D0-6812-4E92-83C6-A82F22728E1E}.Release|Any CPU.Build.0 = Release|Any CPU
		{D23FA0C5-A92D-42B6-85A5-716D9C0F8ECA}.Debug|Any CPU.ActiveCfg = Debug|Any CPU
		{D23FA0C5-A92D-42B6-85A5-716D9C0F8ECA}.Debug|Any CPU.Build.0 = Debug|Any CPU
		{D23FA0C5-A92D-42B6-85A5-716D9C0F8ECA}.Release|Any CPU.ActiveCfg = Release|Any CPU
		{D23FA0C5-A92D-42B6-85A5-716D9C0F8ECA}.Release|Any CPU.Build.0 = Release|Any CPU
		{3AFB65A9-666F-4D96-9EC9-D47D51271939}.Debug|Any CPU.ActiveCfg = Debug|Any CPU
		{3AFB65A9-666F-4D96-9EC9-D47D51271939}.Debug|Any CPU.Build.0 = Debug|Any CPU
		{3AFB65A9-666F-4D96-9EC9-D47D51271939}.Release|Any CPU.ActiveCfg = Release|Any CPU
		{3AFB65A9-666F-4D96-9EC9-D47D51271939}.Release|Any CPU.Build.0 = Release|Any CPU
	EndGlobalSection
	GlobalSection(SolutionProperties) = preSolution
		HideSolutionNode = FALSE
	EndGlobalSection
	GlobalSection(ExtensibilityGlobals) = postSolution
		SolutionGuid = {6AFF6721-7BCA-4757-9662-DC7E88E66B54}
	EndGlobalSection
EndGlobal
